
Microsoft Visual Studio Solution File, Format Version 12.00
# Visual Studio Version 16
VisualStudioVersion = 16.0.31729.503
MinimumVisualStudioVersion = 10.0.40219.1
Project("{FAE04EC0-301F-11D3-BF4B-00C04F79EFBC}") = "Proyecto", "Proyecto.csproj", "{0A95405D-3454-4106-9453-7247E9A168A0}"
EndProject
Project("{FAE04EC0-301F-11D3-BF4B-00C04F79EFBC}") = "Datos", "Datos\Datos.csproj", "{9678C01F-72A7-41EB-B7D3-A7A8711CE330}"
EndProject
Global
	GlobalSection(SolutionConfigurationPlatforms) = preSolution
		Debug|Any CPU = Debug|Any CPU
		Release|Any CPU = Release|Any CPU
	EndGlobalSection
	GlobalSection(ProjectConfigurationPlatforms) = postSolution
		{0A95405D-3454-4106-9453-7247E9A168A0}.Debug|Any CPU.ActiveCfg = Debug|Any CPU
		{0A95405D-3454-4106-9453-7247E9A168A0}.Debug|Any CPU.Build.0 = Debug|Any CPU
		{0A95405D-3454-4106-9453-7247E9A168A0}.Release|Any CPU.ActiveCfg = Release|Any CPU
		{0A95405D-3454-4106-9453-7247E9A168A0}.Release|Any CPU.Build.0 = Release|Any CPU
		{9678C01F-72A7-41EB-B7D3-A7A8711CE330}.Debug|Any CPU.ActiveCfg = Debug|Any CPU
		{9678C01F-72A7-41EB-B7D3-A7A8711CE330}.Debug|Any CPU.Build.0 = Debug|Any CPU
		{9678C01F-72A7-41EB-B7D3-A7A8711CE330}.Release|Any CPU.ActiveCfg = Release|Any CPU
		{9678C01F-72A7-41EB-B7D3-A7A8711CE330}.Release|Any CPU.Build.0 = Release|Any CPU
	EndGlobalSection
	GlobalSection(SolutionProperties) = preSolution
		HideSolutionNode = FALSE
	EndGlobalSection
	GlobalSection(ExtensibilityGlobals) = postSolution
		SolutionGuid = {5B723B50-8DBC-4635-9395-CDD189F894A3}
	EndGlobalSection
EndGlobal
